
Microsoft Visual Studio Solution File, Format Version 12.00
# Visual Studio Version 16
VisualStudioVersion = 16.0.29806.167
MinimumVisualStudioVersion = 10.0.40219.1
Project("{8BC9CEB8-8B4A-11D0-8D11-00A0C91BC942}") = "exam te", "exam te\exam te.vcxproj", "{663B3711-E9BB-4079-8E11-D45A3EC50721}"
EndProject
Global
	GlobalSection(SolutionConfigurationPlatforms) = preSolution
		Debug|x64 = Debug|x64
		Debug|x86 = Debug|x86
		Release|x64 = Release|x64
		Release|x86 = Release|x86
	EndGlobalSection
	GlobalSection(ProjectConfigurationPlatforms) = postSolution
		{663B3711-E9BB-4079-8E11-D45A3EC50721}.Debug|x64.ActiveCfg = Debug|x64
		{663B3711-E9BB-4079-8E11-D45A3EC50721}.Debug|x64.Build.0 = Debug|x64
		{663B3711-E9BB-4079-8E11-D45A3EC50721}.Debug|x86.ActiveCfg = Debug|Win32
		{663B3711-E9BB-4079-8E11-D45A3EC50721}.Debug|x86.Build.0 = Debug|Win32
		{663B3711-E9BB-4079-8E11-D45A3EC50721}.Release|x64.ActiveCfg = Release|x64
		{663B3711-E9BB-4079-8E11-D45A3EC50721}.Release|x64.Build.0 = Release|x64
		{663B3711-E9BB-4079-8E11-D45A3EC50721}.Release|x86.ActiveCfg = Release|Win32
		{663B3711-E9BB-4079-8E11-D45A3EC50721}.Release|x86.Build.0 = Release|Win32
	EndGlobalSection
	GlobalSection(SolutionProperties) = preSolution
		HideSolutionNode = FALSE
	EndGlobalSection
	GlobalSection(ExtensibilityGlobals) = postSolution
		SolutionGuid = {D2119968-1986-41D9-B116-C6C541E9C6EA}
	EndGlobalSection
EndGlobal
